
Microsoft Visual Studio Solution File, Format Version 12.00
# Visual Studio Version 16
VisualStudioVersion = 16.0.30128.74
MinimumVisualStudioVersion = 10.0.40219.1
Project("{FAE04EC0-301F-11D3-BF4B-00C04F79EFBC}") = "XUnitTestProject1", "XUnitTestProject1\XUnitTestProject1.csproj", "{79513185-23CF-42A3-A932-AC8577EB5E39}"
EndProject
Global
	GlobalSection(SolutionConfigurationPlatforms) = preSolution
		Debug|Any CPU = Debug|Any CPU
		Release|Any CPU = Release|Any CPU
	EndGlobalSection
	GlobalSection(ProjectConfigurationPlatforms) = postSolution
		{79513185-23CF-42A3-A932-AC8577EB5E39}.Debug|Any CPU.ActiveCfg = Debug|Any CPU
		{79513185-23CF-42A3-A932-AC8577EB5E39}.Debug|Any CPU.Build.0 = Debug|Any CPU
		{79513185-23CF-42A3-A932-AC8577EB5E39}.Release|Any CPU.ActiveCfg = Release|Any CPU
		{79513185-23CF-42A3-A932-AC8577EB5E39}.Release|Any CPU.Build.0 = Release|Any CPU
	EndGlobalSection
	GlobalSection(SolutionProperties) = preSolution
		HideSolutionNode = FALSE
	EndGlobalSection
	GlobalSection(ExtensibilityGlobals) = postSolution
		SolutionGuid = {B3D266C7-9588-4883-82E6-822FFB40DA67}
	EndGlobalSection
EndGlobal
